PODS:
  - InstantSearchVoiceOverlay (1.2.0)

DEPENDENCIES:
  - InstantSearchVoiceOverlay

SPEC REPOS:
  trunk:
    - InstantSearchVoiceOverlay

SPEC CHECKSUMS:
  InstantSearchVoiceOverlay: d9d5db7314ec8416dcf4ed49df2000e8ee0abe2b

PODFILE CHECKSUM: 51c17ebdcf073f7e51b2238e95aba37b6172ee32

COCOAPODS: 1.14.2
